
Microsoft Visual Studio Solution File, Format Version 12.00
# Visual Studio Version 17
VisualStudioVersion = 17.6.33829.357
MinimumVisualStudioVersion = 10.0.40219.1
Project("{2150E333-8FDC-42A3-9474-1A3956D46DE8}") = "Microservices", "Microservices", "{26A5C198-D0E0-40AD-9863-44FAD2202547}"
EndProject
Project("{2150E333-8FDC-42A3-9474-1A3956D46DE8}") = "Domain", "Domain", "{E3A94A82-8027-4157-B65B-F9AE17A4FED7}"
EndProject
Project("{2150E333-8FDC-42A3-9474-1A3956D46DE8}") = "Infra.Bus", "Infra.Bus", "{BFCBFB52-D8F8-4619-B05C-3C435465B7A9}"
EndProject
Project("{2150E333-8FDC-42A3-9474-1A3956D46DE8}") = "Infra.Ioc", "Infra.Ioc", "{0BEEA0AF-B9D6-4C45-B5E6-715AACE5B018}"
EndProject
Project("{2150E333-8FDC-42A3-9474-1A3956D46DE8}") = "Presentation", "Presentation", "{2920EC48-7D55-44F6-9A75-9DE793815CB1}"
EndProject
Project("{FAE04EC0-301F-11D3-BF4B-00C04F79EFBC}") = "MicroRabbit.Domain.Core", "MicroRabbit.Domain.Core\MicroRabbit.Domain.Core.csproj", "{E684EA9C-CC95-434B-9070-6906CCD5F0BF}"
EndProject
Project("{FAE04EC0-301F-11D3-BF4B-00C04F79EFBC}") = "MicroRabbit.Infra.Bus", "MicroRabbit.Infra.Bus\MicroRabbit.Infra.Bus.csproj", "{58024CDB-0A11-4AE2-9FE9-131922238467}"
EndProject
Global
	GlobalSection(SolutionConfigurationPlatforms) = preSolution
		Debug|Any CPU = Debug|Any CPU
		Release|Any CPU = Release|Any CPU
	EndGlobalSection
	GlobalSection(ProjectConfigurationPlatforms) = postSolution
		{E684EA9C-CC95-434B-9070-6906CCD5F0BF}.Debug|Any CPU.ActiveCfg = Debug|Any CPU
		{E684EA9C-CC95-434B-9070-6906CCD5F0BF}.Debug|Any CPU.Build.0 = Debug|Any CPU
		{E684EA9C-CC95-434B-9070-6906CCD5F0BF}.Release|Any CPU.ActiveCfg = Release|Any CPU
		{E684EA9C-CC95-434B-9070-6906CCD5F0BF}.Release|Any CPU.Build.0 = Release|Any CPU
		{58024CDB-0A11-4AE2-9FE9-131922238467}.Debug|Any CPU.ActiveCfg = Debug|Any CPU
		{58024CDB-0A11-4AE2-9FE9-131922238467}.Debug|Any CPU.Build.0 = Debug|Any CPU
		{58024CDB-0A11-4AE2-9FE9-131922238467}.Release|Any CPU.ActiveCfg = Release|Any CPU
		{58024CDB-0A11-4AE2-9FE9-131922238467}.Release|Any CPU.Build.0 = Release|Any CPU
	EndGlobalSection
	GlobalSection(SolutionProperties) = preSolution
		HideSolutionNode = FALSE
	EndGlobalSection
	GlobalSection(NestedProjects) = preSolution
		{E684EA9C-CC95-434B-9070-6906CCD5F0BF} = {E3A94A82-8027-4157-B65B-F9AE17A4FED7}
		{58024CDB-0A11-4AE2-9FE9-131922238467} = {BFCBFB52-D8F8-4619-B05C-3C435465B7A9}
	EndGlobalSection
	GlobalSection(ExtensibilityGlobals) = postSolution
		SolutionGuid = {6C2E5953-11F8-48D6-A9C4-4C7426CAE11D}
	EndGlobalSection
EndGlobal
